
Microsoft Visual Studio Solution File, Format Version 12.00
# Visual Studio 2013
VisualStudioVersion = 12.0.30110.0
MinimumVisualStudioVersion = 10.0.40219.1
Project("{FAE04EC0-301F-11D3-BF4B-00C04F79EFBC}") = "NuGetPack", "NuGetPack\NuGetPack.csproj", "{E724FE40-DC51-440A-8CA0-970AB76E0F8D}"
EndProject
Project("{FAE04EC0-301F-11D3-BF4B-00C04F79EFBC}") = "NuGetPack.UnitTests", "NuGetPack.UnitTests\NuGetPack.UnitTests.csproj", "{EBDA70BF-FAAD-4E23-B8D4-79299D049755}"
EndProject
Project("{2150E333-8FDC-42A3-9474-1A3956D46DE8}") = "Solution Items", "Solution Items", "{47B3A300-8E8D-44FD-8391-657BD15F3E49}"
	ProjectSection(SolutionItems) = preProject
		.tfignore = .tfignore
		Data.txt = Data.txt
		DemoVersionInfo.cs = DemoVersionInfo.cs
		VersionInfo.cs = VersionInfo.cs
	EndProjectSection
EndProject
Project("{2150E333-8FDC-42A3-9474-1A3956D46DE8}") = ".nuget", ".nuget", "{B4BE82DD-B352-4CA3-B90C-491A62F3A51C}"
	ProjectSection(SolutionItems) = preProject
		.nuget\NuGet.Config = .nuget\NuGet.Config
		.nuget\NuGet.exe = .nuget\NuGet.exe
		.nuget\NuGet.targets = .nuget\NuGet.targets
	EndProjectSection
EndProject
Project("{2150E333-8FDC-42A3-9474-1A3956D46DE8}") = "Demo", "Demo", "{D2BDB301-DA26-4025-ADC2-2AFBD077B93E}"
EndProject
Project("{FAE04EC0-301F-11D3-BF4B-00C04F79EFBC}") = "Demo.Library1", "Demo.Library1\Demo.Library1.csproj", "{B0F71956-487C-47BD-84B5-C0CF9F423A12}"
EndProject
Project("{FAE04EC0-301F-11D3-BF4B-00C04F79EFBC}") = "Demo.Library2", "Demo.Library2\Demo.Library2.csproj", "{8E1E32DE-D870-4681-8C43-9E725FC4481A}"
EndProject
Project("{FAE04EC0-301F-11D3-BF4B-00C04F79EFBC}") = "Demo.Library3", "Demo.Library3\Demo.Library3.csproj", "{6B73E931-E155-4F8E-ADEF-83E8E7BB53E4}"
EndProject
Project("{FAE04EC0-301F-11D3-BF4B-00C04F79EFBC}") = "Demo.Package1.NuGet", "Demo.Package1.NuGet\Demo.Package1.NuGet.csproj", "{7812FFE0-3D9D-4B93-89F8-770C7B0E92D8}"
EndProject
Project("{FAE04EC0-301F-11D3-BF4B-00C04F79EFBC}") = "Demo.Package2.NuGet", "Demo.Package2.NuGet\Demo.Package2.NuGet.csproj", "{86666499-C05D-4B93-B955-08196EFA737D}"
EndProject
Project("{2150E333-8FDC-42A3-9474-1A3956D46DE8}") = "Tests", "Tests", "{92F43E67-AED8-4353-B2F9-61138C5AAFC4}"
EndProject
Global
	GlobalSection(TeamFoundationVersionControl) = preSolution
		SccNumberOfProjects = 8
		SccEnterpriseProvider = {4CA58AB2-18FA-4F8D-95D4-32DDF27D184C}
		SccTeamFoundationServer = https://tfs.codeplex.com/tfs/tfs27
		SccLocalPath0 = .
		SccProjectUniqueName1 = NuGetPack.UnitTests\\NuGetPack.UnitTests.csproj
		SccProjectTopLevelParentUniqueName1 = Building.sln
		SccProjectName1 = NuGetPack.UnitTests
		SccLocalPath1 = NuGetPack.UnitTests
		SccProjectUniqueName2 = NuGetPack\\NuGetPack.csproj
		SccProjectName2 = NuGetPack
		SccLocalPath2 = NuGetPack
		SccProjectUniqueName3 = Demo.Library1\\Demo.Library1.csproj
		SccProjectTopLevelParentUniqueName3 = Building.sln
		SccProjectName3 = Demo.Library1
		SccLocalPath3 = Demo.Library1
		SccProjectUniqueName4 = Demo.Library2\\Demo.Library2.csproj
		SccProjectTopLevelParentUniqueName4 = Building.sln
		SccProjectName4 = Demo.Library2
		SccLocalPath4 = Demo.Library2
		SccProjectUniqueName5 = Demo.Library3\\Demo.Library3.csproj
		SccProjectTopLevelParentUniqueName5 = Building.sln
		SccProjectName5 = Demo.Library3
		SccLocalPath5 = Demo.Library3
		SccProjectUniqueName6 = Demo.Package1.NuGet\\Demo.Package1.NuGet.csproj
		SccProjectTopLevelParentUniqueName6 = Building.sln
		SccProjectName6 = Demo.Package1.NuGet
		SccLocalPath6 = Demo.Package1.NuGet
		SccProjectUniqueName7 = Demo.Package2.NuGet\\Demo.Package2.NuGet.csproj
		SccProjectTopLevelParentUniqueName7 = Building.sln
		SccProjectName7 = Demo.Package2.NuGet
		SccLocalPath7 = Demo.Package2.NuGet
	EndGlobalSection
	GlobalSection(SolutionConfigurationPlatforms) = preSolution
		Debug|Any CPU = Debug|Any CPU
		Release|Any CPU = Release|Any CPU
	EndGlobalSection
	GlobalSection(ProjectConfigurationPlatforms) = postSolution
		{E724FE40-DC51-440A-8CA0-970AB76E0F8D}.Debug|Any CPU.ActiveCfg = Debug|Any CPU
		{E724FE40-DC51-440A-8CA0-970AB76E0F8D}.Debug|Any CPU.Build.0 = Debug|Any CPU
		{E724FE40-DC51-440A-8CA0-970AB76E0F8D}.Release|Any CPU.ActiveCfg = Release|Any CPU
		{E724FE40-DC51-440A-8CA0-970AB76E0F8D}.Release|Any CPU.Build.0 = Release|Any CPU
		{EBDA70BF-FAAD-4E23-B8D4-79299D049755}.Debug|Any CPU.ActiveCfg = Debug|Any CPU
		{EBDA70BF-FAAD-4E23-B8D4-79299D049755}.Debug|Any CPU.Build.0 = Debug|Any CPU
		{EBDA70BF-FAAD-4E23-B8D4-79299D049755}.Release|Any CPU.ActiveCfg = Release|Any CPU
		{EBDA70BF-FAAD-4E23-B8D4-79299D049755}.Release|Any CPU.Build.0 = Release|Any CPU
		{B0F71956-487C-47BD-84B5-C0CF9F423A12}.Debug|Any CPU.ActiveCfg = Debug|Any CPU
		{B0F71956-487C-47BD-84B5-C0CF9F423A12}.Debug|Any CPU.Build.0 = Debug|Any CPU
		{B0F71956-487C-47BD-84B5-C0CF9F423A12}.Release|Any CPU.ActiveCfg = Release|Any CPU
		{B0F71956-487C-47BD-84B5-C0CF9F423A12}.Release|Any CPU.Build.0 = Release|Any CPU
		{8E1E32DE-D870-4681-8C43-9E725FC4481A}.Debug|Any CPU.ActiveCfg = Debug|Any CPU
		{8E1E32DE-D870-4681-8C43-9E725FC4481A}.Debug|Any CPU.Build.0 = Debug|Any CPU
		{8E1E32DE-D870-4681-8C43-9E725FC4481A}.Release|Any CPU.ActiveCfg = Release|Any CPU
		{8E1E32DE-D870-4681-8C43-9E725FC4481A}.Release|Any CPU.Build.0 = Release|Any CPU
		{6B73E931-E155-4F8E-ADEF-83E8E7BB53E4}.Debug|Any CPU.ActiveCfg = Debug|Any CPU
		{6B73E931-E155-4F8E-ADEF-83E8E7BB53E4}.Debug|Any CPU.Build.0 = Debug|Any CPU
		{6B73E931-E155-4F8E-ADEF-83E8E7BB53E4}.Release|Any CPU.ActiveCfg = Release|Any CPU
		{6B73E931-E155-4F8E-ADEF-83E8E7BB53E4}.Release|Any CPU.Build.0 = Release|Any CPU
		{7812FFE0-3D9D-4B93-89F8-770C7B0E92D8}.Debug|Any CPU.ActiveCfg = Debug|Any CPU
		{7812FFE0-3D9D-4B93-89F8-770C7B0E92D8}.Debug|Any CPU.Build.0 = Debug|Any CPU
		{7812FFE0-3D9D-4B93-89F8-770C7B0E92D8}.Release|Any CPU.ActiveCfg = Release|Any CPU
		{7812FFE0-3D9D-4B93-89F8-770C7B0E92D8}.Release|Any CPU.Build.0 = Release|Any CPU
		{86666499-C05D-4B93-B955-08196EFA737D}.Debug|Any CPU.ActiveCfg = Debug|Any CPU
		{86666499-C05D-4B93-B955-08196EFA737D}.Debug|Any CPU.Build.0 = Debug|Any CPU
		{86666499-C05D-4B93-B955-08196EFA737D}.Release|Any CPU.ActiveCfg = Release|Any CPU
		{86666499-C05D-4B93-B955-08196EFA737D}.Release|Any CPU.Build.0 = Release|Any CPU
	EndGlobalSection
	GlobalSection(SolutionProperties) = preSolution
		HideSolutionNode = FALSE
	EndGlobalSection
	GlobalSection(NestedProjects) = preSolution
		{B0F71956-487C-47BD-84B5-C0CF9F423A12} = {D2BDB301-DA26-4025-ADC2-2AFBD077B93E}
		{8E1E32DE-D870-4681-8C43-9E725FC4481A} = {D2BDB301-DA26-4025-ADC2-2AFBD077B93E}
		{6B73E931-E155-4F8E-ADEF-83E8E7BB53E4} = {D2BDB301-DA26-4025-ADC2-2AFBD077B93E}
		{7812FFE0-3D9D-4B93-89F8-770C7B0E92D8} = {D2BDB301-DA26-4025-ADC2-2AFBD077B93E}
		{86666499-C05D-4B93-B955-08196EFA737D} = {D2BDB301-DA26-4025-ADC2-2AFBD077B93E}
		{EBDA70BF-FAAD-4E23-B8D4-79299D049755} = {92F43E67-AED8-4353-B2F9-61138C5AAFC4}
	EndGlobalSection
EndGlobal
