
Microsoft Visual Studio Solution File, Format Version 12.00
# Visual Studio 15
VisualStudioVersion = 15.0.26730.16
MinimumVisualStudioVersion = 10.0.40219.1
Project("{2150E333-8FDC-42A3-9474-1A3956D46DE8}") = "Solution Items", "Solution Items", "{47B3A300-8E8D-44FD-8391-657BD15F3E49}"
	ProjectSection(SolutionItems) = preProject
		Data.txt = Data.txt
		Demo.Readme.txt = Demo.Readme.txt
		DemoVersionInfo.cs = DemoVersionInfo.cs
		logo128.png = logo128.png
		logo32.png = logo32.png
		logo64.png = logo64.png
		logofull.png = logofull.png
		Text.txt = Text.txt
		VersionHistory.txt = VersionHistory.txt
		VersionInfo.cs = VersionInfo.cs
	EndProjectSection
EndProject
Project("{2150E333-8FDC-42A3-9474-1A3956D46DE8}") = ".nuget", ".nuget", "{B4BE82DD-B352-4CA3-B90C-491A62F3A51C}"
	ProjectSection(SolutionItems) = preProject
		.nuget\NuGet.Config = .nuget\NuGet.Config
		.nuget\NuGet.exe = .nuget\NuGet.exe
		.nuget\NuGet.targets = .nuget\NuGet.targets
	EndProjectSection
EndProject
Project("{2150E333-8FDC-42A3-9474-1A3956D46DE8}") = "Demo", "Demo", "{D2BDB301-DA26-4025-ADC2-2AFBD077B93E}"
EndProject
Project("{2150E333-8FDC-42A3-9474-1A3956D46DE8}") = "Tests", "Tests", "{92F43E67-AED8-4353-B2F9-61138C5AAFC4}"
EndProject
Project("{2150E333-8FDC-42A3-9474-1A3956D46DE8}") = "Dependencies", "Dependencies", "{8B8778A0-C4F1-4564-A99D-CFEF3517F45C}"
	ProjectSection(SolutionItems) = preProject
		Dependencies\PubComp.Building.Demo.Binary1.dll = Dependencies\PubComp.Building.Demo.Binary1.dll
		Dependencies\PubComp.Building.Demo.Binary1.pdb = Dependencies\PubComp.Building.Demo.Binary1.pdb
	EndProjectSection
EndProject
Project("{2150E333-8FDC-42A3-9474-1A3956D46DE8}") = "VsExtension", "VsExtension", "{BC14FA63-AF80-4CD1-B479-8F8AE421DCEC}"
	ProjectSection(SolutionItems) = preProject
		PackageName.NuGet.zip = PackageName.NuGet.zip
	EndProjectSection
EndProject
Project("{FAE04EC0-301F-11D3-BF4B-00C04F79EFBC}") = "NuGetPack", "NuGetPack\NuGetPack.csproj", "{E724FE40-DC51-440A-8CA0-970AB76E0F8D}"
EndProject
Project("{FAE04EC0-301F-11D3-BF4B-00C04F79EFBC}") = "NuGetPack.UnitTests", "NuGetPack.UnitTests\NuGetPack.UnitTests.csproj", "{EBDA70BF-FAAD-4E23-B8D4-79299D049755}"
EndProject
Project("{FAE04EC0-301F-11D3-BF4B-00C04F79EFBC}") = "Demo.Library1", "Demo.Library1\Demo.Library1.csproj", "{B0F71956-487C-47BD-84B5-C0CF9F423A12}"
EndProject
Project("{FAE04EC0-301F-11D3-BF4B-00C04F79EFBC}") = "Demo.Library2", "Demo.Library2\Demo.Library2.csproj", "{8E1E32DE-D870-4681-8C43-9E725FC4481A}"
EndProject
Project("{FAE04EC0-301F-11D3-BF4B-00C04F79EFBC}") = "Demo.Library3", "Demo.Library3\Demo.Library3.csproj", "{6B73E931-E155-4F8E-ADEF-83E8E7BB53E4}"
EndProject
Project("{FAE04EC0-301F-11D3-BF4B-00C04F79EFBC}") = "Demo.Package1.NuGet", "Demo.Package1.NuGet\Demo.Package1.NuGet.csproj", "{7812FFE0-3D9D-4B93-89F8-770C7B0E92D8}"
EndProject
Project("{FAE04EC0-301F-11D3-BF4B-00C04F79EFBC}") = "Demo.Package2.NuGet", "Demo.Package2.NuGet\Demo.Package2.NuGet.csproj", "{86666499-C05D-4B93-B955-08196EFA737D}"
EndProject
Project("{FAE04EC0-301F-11D3-BF4B-00C04F79EFBC}") = "Demo.Binary1", "Demo.Binary1\Demo.Binary1.csproj", "{390AB87B-8AB1-45E7-A444-04EACB7F7F69}"
EndProject
Project("{FAE04EC0-301F-11D3-BF4B-00C04F79EFBC}") = "Demo.LibraryNet40", "Demo.LibraryNet40\Demo.LibraryNet40.csproj", "{A0522387-4BB0-4434-8F59-DDD10BA06324}"
EndProject
Project("{FAE04EC0-301F-11D3-BF4B-00C04F79EFBC}") = "Demo.LibraryNet451", "Demo.LibraryNet451\Demo.LibraryNet451.csproj", "{8C97AE7C-2CB9-41E1-B18B-259B67B1BF51}"
EndProject
Project("{FAE04EC0-301F-11D3-BF4B-00C04F79EFBC}") = "Demo.Package3.NuGet", "Demo.Package3.NuGet\Demo.Package3.NuGet.csproj", "{05AD2391-027A-4B0C-8AA8-989204E2EC0D}"
EndProject
Project("{FAE04EC0-301F-11D3-BF4B-00C04F79EFBC}") = "NuGetPack.NuGet", "NuGetPack.NuGet\NuGetPack.NuGet.csproj", "{F0D4B13E-D07B-4A48-BF14-0269A1696F2D}"
EndProject
Project("{FAE04EC0-301F-11D3-BF4B-00C04F79EFBC}") = "NuGetPackageTemplate.Vsix", "NuGetPackageTemplate.Vsix\NuGetPackageTemplate.Vsix.csproj", "{4EDE89E8-EA4F-4EBA-BE2B-B5E5931AA151}"
EndProject
Project("{FAE04EC0-301F-11D3-BF4B-00C04F79EFBC}") = "Demo.Library4", "Demo.Library4\Demo.Library4.csproj", "{0C516879-E252-42BC-8832-A23AB5C0A58A}"
EndProject
Project("{FAE04EC0-301F-11D3-BF4B-00C04F79EFBC}") = "Demo.Library5", "Demo.Library5\Demo.Library5.csproj", "{B1BE2E30-638D-4A08-9CC8-E065425E36C3}"
EndProject
Global
	GlobalSection(SolutionConfigurationPlatforms) = preSolution
		Debug|Any CPU = Debug|Any CPU
		Release|Any CPU = Release|Any CPU
	EndGlobalSection
	GlobalSection(ProjectConfigurationPlatforms) = postSolution
		{E724FE40-DC51-440A-8CA0-970AB76E0F8D}.Debug|Any CPU.ActiveCfg = Debug|Any CPU
		{E724FE40-DC51-440A-8CA0-970AB76E0F8D}.Debug|Any CPU.Build.0 = Debug|Any CPU
		{E724FE40-DC51-440A-8CA0-970AB76E0F8D}.Release|Any CPU.ActiveCfg = Release|Any CPU
		{E724FE40-DC51-440A-8CA0-970AB76E0F8D}.Release|Any CPU.Build.0 = Release|Any CPU
		{EBDA70BF-FAAD-4E23-B8D4-79299D049755}.Debug|Any CPU.ActiveCfg = Debug|Any CPU
		{EBDA70BF-FAAD-4E23-B8D4-79299D049755}.Debug|Any CPU.Build.0 = Debug|Any CPU
		{EBDA70BF-FAAD-4E23-B8D4-79299D049755}.Release|Any CPU.ActiveCfg = Release|Any CPU
		{EBDA70BF-FAAD-4E23-B8D4-79299D049755}.Release|Any CPU.Build.0 = Release|Any CPU
		{B0F71956-487C-47BD-84B5-C0CF9F423A12}.Debug|Any CPU.ActiveCfg = Debug|Any CPU
		{B0F71956-487C-47BD-84B5-C0CF9F423A12}.Debug|Any CPU.Build.0 = Debug|Any CPU
		{B0F71956-487C-47BD-84B5-C0CF9F423A12}.Release|Any CPU.ActiveCfg = Release|Any CPU
		{B0F71956-487C-47BD-84B5-C0CF9F423A12}.Release|Any CPU.Build.0 = Release|Any CPU
		{8E1E32DE-D870-4681-8C43-9E725FC4481A}.Debug|Any CPU.ActiveCfg = Debug|Any CPU
		{8E1E32DE-D870-4681-8C43-9E725FC4481A}.Debug|Any CPU.Build.0 = Debug|Any CPU
		{8E1E32DE-D870-4681-8C43-9E725FC4481A}.Release|Any CPU.ActiveCfg = Release|Any CPU
		{8E1E32DE-D870-4681-8C43-9E725FC4481A}.Release|Any CPU.Build.0 = Release|Any CPU
		{6B73E931-E155-4F8E-ADEF-83E8E7BB53E4}.Debug|Any CPU.ActiveCfg = Debug|Any CPU
		{6B73E931-E155-4F8E-ADEF-83E8E7BB53E4}.Debug|Any CPU.Build.0 = Debug|Any CPU
		{6B73E931-E155-4F8E-ADEF-83E8E7BB53E4}.Release|Any CPU.ActiveCfg = Release|Any CPU
		{6B73E931-E155-4F8E-ADEF-83E8E7BB53E4}.Release|Any CPU.Build.0 = Release|Any CPU
		{7812FFE0-3D9D-4B93-89F8-770C7B0E92D8}.Debug|Any CPU.ActiveCfg = Debug|Any CPU
		{7812FFE0-3D9D-4B93-89F8-770C7B0E92D8}.Debug|Any CPU.Build.0 = Debug|Any CPU
		{7812FFE0-3D9D-4B93-89F8-770C7B0E92D8}.Release|Any CPU.ActiveCfg = Release|Any CPU
		{7812FFE0-3D9D-4B93-89F8-770C7B0E92D8}.Release|Any CPU.Build.0 = Release|Any CPU
		{86666499-C05D-4B93-B955-08196EFA737D}.Debug|Any CPU.ActiveCfg = Debug|Any CPU
		{86666499-C05D-4B93-B955-08196EFA737D}.Debug|Any CPU.Build.0 = Debug|Any CPU
		{86666499-C05D-4B93-B955-08196EFA737D}.Release|Any CPU.ActiveCfg = Release|Any CPU
		{86666499-C05D-4B93-B955-08196EFA737D}.Release|Any CPU.Build.0 = Release|Any CPU
		{390AB87B-8AB1-45E7-A444-04EACB7F7F69}.Debug|Any CPU.ActiveCfg = Debug|Any CPU
		{390AB87B-8AB1-45E7-A444-04EACB7F7F69}.Debug|Any CPU.Build.0 = Debug|Any CPU
		{390AB87B-8AB1-45E7-A444-04EACB7F7F69}.Release|Any CPU.ActiveCfg = Release|Any CPU
		{390AB87B-8AB1-45E7-A444-04EACB7F7F69}.Release|Any CPU.Build.0 = Release|Any CPU
		{A0522387-4BB0-4434-8F59-DDD10BA06324}.Debug|Any CPU.ActiveCfg = Debug|Any CPU
		{A0522387-4BB0-4434-8F59-DDD10BA06324}.Debug|Any CPU.Build.0 = Debug|Any CPU
		{A0522387-4BB0-4434-8F59-DDD10BA06324}.Release|Any CPU.ActiveCfg = Release|Any CPU
		{A0522387-4BB0-4434-8F59-DDD10BA06324}.Release|Any CPU.Build.0 = Release|Any CPU
		{8C97AE7C-2CB9-41E1-B18B-259B67B1BF51}.Debug|Any CPU.ActiveCfg = Debug|Any CPU
		{8C97AE7C-2CB9-41E1-B18B-259B67B1BF51}.Debug|Any CPU.Build.0 = Debug|Any CPU
		{8C97AE7C-2CB9-41E1-B18B-259B67B1BF51}.Release|Any CPU.ActiveCfg = Release|Any CPU
		{8C97AE7C-2CB9-41E1-B18B-259B67B1BF51}.Release|Any CPU.Build.0 = Release|Any CPU
		{05AD2391-027A-4B0C-8AA8-989204E2EC0D}.Debug|Any CPU.ActiveCfg = Debug|Any CPU
		{05AD2391-027A-4B0C-8AA8-989204E2EC0D}.Debug|Any CPU.Build.0 = Debug|Any CPU
		{05AD2391-027A-4B0C-8AA8-989204E2EC0D}.Release|Any CPU.ActiveCfg = Release|Any CPU
		{05AD2391-027A-4B0C-8AA8-989204E2EC0D}.Release|Any CPU.Build.0 = Release|Any CPU
		{F0D4B13E-D07B-4A48-BF14-0269A1696F2D}.Debug|Any CPU.ActiveCfg = Debug|Any CPU
		{F0D4B13E-D07B-4A48-BF14-0269A1696F2D}.Debug|Any CPU.Build.0 = Debug|Any CPU
		{F0D4B13E-D07B-4A48-BF14-0269A1696F2D}.Release|Any CPU.ActiveCfg = Release|Any CPU
		{F0D4B13E-D07B-4A48-BF14-0269A1696F2D}.Release|Any CPU.Build.0 = Release|Any CPU
		{4EDE89E8-EA4F-4EBA-BE2B-B5E5931AA151}.Debug|Any CPU.ActiveCfg = Debug|Any CPU
		{4EDE89E8-EA4F-4EBA-BE2B-B5E5931AA151}.Debug|Any CPU.Build.0 = Debug|Any CPU
		{4EDE89E8-EA4F-4EBA-BE2B-B5E5931AA151}.Release|Any CPU.ActiveCfg = Release|Any CPU
		{4EDE89E8-EA4F-4EBA-BE2B-B5E5931AA151}.Release|Any CPU.Build.0 = Release|Any CPU
		{0C516879-E252-42BC-8832-A23AB5C0A58A}.Debug|Any CPU.ActiveCfg = Debug|Any CPU
		{0C516879-E252-42BC-8832-A23AB5C0A58A}.Debug|Any CPU.Build.0 = Debug|Any CPU
		{0C516879-E252-42BC-8832-A23AB5C0A58A}.Release|Any CPU.ActiveCfg = Release|Any CPU
		{0C516879-E252-42BC-8832-A23AB5C0A58A}.Release|Any CPU.Build.0 = Release|Any CPU
		{B1BE2E30-638D-4A08-9CC8-E065425E36C3}.Debug|Any CPU.ActiveCfg = Debug|Any CPU
		{B1BE2E30-638D-4A08-9CC8-E065425E36C3}.Debug|Any CPU.Build.0 = Debug|Any CPU
		{B1BE2E30-638D-4A08-9CC8-E065425E36C3}.Release|Any CPU.ActiveCfg = Release|Any CPU
		{B1BE2E30-638D-4A08-9CC8-E065425E36C3}.Release|Any CPU.Build.0 = Release|Any CPU
	EndGlobalSection
	GlobalSection(SolutionProperties) = preSolution
		HideSolutionNode = FALSE
	EndGlobalSection
	GlobalSection(NestedProjects) = preSolution
		{8B8778A0-C4F1-4564-A99D-CFEF3517F45C} = {47B3A300-8E8D-44FD-8391-657BD15F3E49}
		{EBDA70BF-FAAD-4E23-B8D4-79299D049755} = {92F43E67-AED8-4353-B2F9-61138C5AAFC4}
		{B0F71956-487C-47BD-84B5-C0CF9F423A12} = {D2BDB301-DA26-4025-ADC2-2AFBD077B93E}
		{8E1E32DE-D870-4681-8C43-9E725FC4481A} = {D2BDB301-DA26-4025-ADC2-2AFBD077B93E}
		{6B73E931-E155-4F8E-ADEF-83E8E7BB53E4} = {D2BDB301-DA26-4025-ADC2-2AFBD077B93E}
		{7812FFE0-3D9D-4B93-89F8-770C7B0E92D8} = {D2BDB301-DA26-4025-ADC2-2AFBD077B93E}
		{86666499-C05D-4B93-B955-08196EFA737D} = {D2BDB301-DA26-4025-ADC2-2AFBD077B93E}
		{390AB87B-8AB1-45E7-A444-04EACB7F7F69} = {D2BDB301-DA26-4025-ADC2-2AFBD077B93E}
		{A0522387-4BB0-4434-8F59-DDD10BA06324} = {D2BDB301-DA26-4025-ADC2-2AFBD077B93E}
		{8C97AE7C-2CB9-41E1-B18B-259B67B1BF51} = {D2BDB301-DA26-4025-ADC2-2AFBD077B93E}
		{05AD2391-027A-4B0C-8AA8-989204E2EC0D} = {D2BDB301-DA26-4025-ADC2-2AFBD077B93E}
		{F0D4B13E-D07B-4A48-BF14-0269A1696F2D} = {BC14FA63-AF80-4CD1-B479-8F8AE421DCEC}
		{4EDE89E8-EA4F-4EBA-BE2B-B5E5931AA151} = {BC14FA63-AF80-4CD1-B479-8F8AE421DCEC}
		{0C516879-E252-42BC-8832-A23AB5C0A58A} = {D2BDB301-DA26-4025-ADC2-2AFBD077B93E}
		{B1BE2E30-638D-4A08-9CC8-E065425E36C3} = {D2BDB301-DA26-4025-ADC2-2AFBD077B93E}
	EndGlobalSection
	GlobalSection(ExtensibilityGlobals) = postSolution
		SolutionGuid = {6A14DA10-5CA8-46FE-B6B6-8305B512B2F8}
	EndGlobalSection
EndGlobal
